
Microsoft Visual Studio Solution File, Format Version 12.00
# Visual Studio Version 17
VisualStudioVersion = 17.2.32616.157
MinimumVisualStudioVersion = 10.0.40219.1
Project("{9A19103F-16F7-4668-BE54-9A1E7A4F7556}") = "mark.davison.common", "mark.davison.common\mark.davison.common.csproj", "{C248DA37-0EF2-4295-8FF7-21A58BEA0486}"
EndProject
Project("{9A19103F-16F7-4668-BE54-9A1E7A4F7556}") = "mark.davison.common.server.abstractions", "mark.davison.common.server.abstractions\mark.davison.common.server.abstractions.csproj", "{85F1A085-5FAF-4F88-B991-8C5CA1CB9F12}"
EndProject
Project("{9A19103F-16F7-4668-BE54-9A1E7A4F7556}") = "mark.davison.common.server", "mark.davison.common.server\mark.davison.common.server.csproj", "{E6079600-89AD-4B1C-8639-59F5C20838B6}"
EndProject
Project("{2150E333-8FDC-42A3-9474-1A3956D46DE8}") = "Test", "Test", "{AB6060AB-1134-458E-86B8-65609A815A91}"
EndProject
Project("{9A19103F-16F7-4668-BE54-9A1E7A4F7556}") = "mark.davison.common.server.tests", "mark.davison.common.server.tests\mark.davison.common.server.tests.csproj", "{051D97D0-CE2F-4ED3-B8B1-DB273E297A6F}"
EndProject
Project("{2150E333-8FDC-42A3-9474-1A3956D46DE8}") = "Solution Items", "Solution Items", "{A3C3912D-C720-4871-A097-DBDED99CB1F9}"
	ProjectSection(SolutionItems) = preProject
		..\..\.gitattributes = ..\..\.gitattributes
		..\..\.gitignore = ..\..\.gitignore
		..\..\.gitlab-ci.yml = ..\..\.gitlab-ci.yml
		..\..\.gitmodules = ..\..\.gitmodules
		..\..\Todo.txt = ..\..\Todo.txt
	EndProjectSection
EndProject
Project("{9A19103F-16F7-4668-BE54-9A1E7A4F7556}") = "mark.davison.common.client.web.abstractions", "mark.davison.common.client.web.abstractions\mark.davison.common.client.web.abstractions.csproj", "{EE9FB05E-A67A-4D52-A621-168C0EBF064B}"
EndProject
Project("{9A19103F-16F7-4668-BE54-9A1E7A4F7556}") = "mark.davison.common.client.web", "mark.davison.common.client.web\mark.davison.common.client.web.csproj", "{818C60EF-BF39-4689-9726-2FFF47B83A42}"
EndProject
Project("{9A19103F-16F7-4668-BE54-9A1E7A4F7556}") = "mark.davison.common.persistence", "mark.davison.common.persistence\mark.davison.common.persistence.csproj", "{E8435337-7656-4AB3-8BAD-128BB066D084}"
EndProject
Project("{9A19103F-16F7-4668-BE54-9A1E7A4F7556}") = "mark.davison.common.server.test", "mark.davison.common.server.test\mark.davison.common.server.test.csproj", "{E01C9170-A867-45C9-9FBE-D5A94C277AFB}"
EndProject
Project("{9A19103F-16F7-4668-BE54-9A1E7A4F7556}") = "mark.davison.common.server.abstratctions.tests", "Tests\mark.davison.common.server.abstratctions.tests\mark.davison.common.server.abstratctions.tests.csproj", "{F329BAAA-6F2A-4904-B802-4F6F080DF172}"
EndProject
Project("{9A19103F-16F7-4668-BE54-9A1E7A4F7556}") = "mark.davison.common.tests", "Tests\mark.davison.common.tests\mark.davison.common.tests.csproj", "{A9181D89-F465-4674-BBDB-4DA33FF2D42F}"
EndProject
Project("{9A19103F-16F7-4668-BE54-9A1E7A4F7556}") = "mark.davison.common.test", "mark.davison.common.test\mark.davison.common.test.csproj", "{6E994F7E-CA98-45AF-BB1D-2B6F918430A9}"
EndProject
Project("{9A19103F-16F7-4668-BE54-9A1E7A4F7556}") = "mark.davison.common.server.integrationtests", "mark.davison.common.server.integrationtests\mark.davison.common.server.integrationtests.csproj", "{5E14099A-8831-4179-8BB4-DCFD653B1DF8}"
EndProject
Project("{9A19103F-16F7-4668-BE54-9A1E7A4F7556}") = "mark.davison.common.server.sample.api", "mark.davison.common.server.sample.api\mark.davison.common.server.sample.api.csproj", "{A0928912-EB94-4084-B820-8E1EC89D80DA}"
EndProject
Project("{9A19103F-16F7-4668-BE54-9A1E7A4F7556}") = "mark.davison.common.persistence.tests", "Tests\mark.davison.common.persistence.tests\mark.davison.common.persistence.tests.csproj", "{BCF37C56-E626-4388-A0C1-48A8D6DFBEA9}"
EndProject
Project("{9A19103F-16F7-4668-BE54-9A1E7A4F7556}") = "mark.davison.common.source.generators", "mark.davison.common.source.generators\mark.davison.common.source.generators.csproj", "{C46C1155-6346-4046-9AAC-865F2DE0EEFE}"
EndProject
Project("{9A19103F-16F7-4668-BE54-9A1E7A4F7556}") = "mark.davison.common.server.sample.cqrs", "mark.davison.common.server.sample.cqrs\mark.davison.common.server.sample.cqrs.csproj", "{AF9AAC30-9907-4142-845F-E2DDB07D3FC0}"
EndProject
Project("{9A19103F-16F7-4668-BE54-9A1E7A4F7556}") = "mark.davison.common.client.web.tests.cqrs", "mark.davison.common.client.tests.cqrs\mark.davison.common.client.web.tests.cqrs.csproj", "{A0BE4BB6-EE9C-4061-99E0-0451CC1C087F}"
EndProject
Project("{9A19103F-16F7-4668-BE54-9A1E7A4F7556}") = "mark.davison.common.migrations.postgres", "mark.davison.common.migrations.postgres\mark.davison.common.migrations.postgres.csproj", "{82D44E97-0A90-4C04-94AB-5C7F83DC4A06}"
EndProject
Project("{9A19103F-16F7-4668-BE54-9A1E7A4F7556}") = "mark.davison.common.migrations.sqlite", "mark.davison.common.migrations.sqlite\mark.davison.common.migrations.sqlite.csproj", "{95A00F12-9141-4CCB-8186-9BEB2817C5AC}"
EndProject
Project("{2150E333-8FDC-42A3-9474-1A3956D46DE8}") = "Example", "Example", "{CA252822-D1FC-4217-A330-80EF7E4F29E7}"
EndProject
Project("{9A19103F-16F7-4668-BE54-9A1E7A4F7556}") = "mark.davison.example.api", "Example\Api\mark.davison.example.api\mark.davison.example.api.csproj", "{0A342274-11F0-4762-8C6A-25B7AE112479}"
EndProject
Project("{2150E333-8FDC-42A3-9474-1A3956D46DE8}") = "Api", "Api", "{A8A66C0E-D43E-4D20-B0C5-E7D6D86CC5B4}"
EndProject
Project("{2150E333-8FDC-42A3-9474-1A3956D46DE8}") = "Bff", "Bff", "{82FA8031-EA01-42C8-9020-0CC2BADA6126}"
EndProject
Project("{2150E333-8FDC-42A3-9474-1A3956D46DE8}") = "Shared", "Shared", "{9673D4A3-F731-4E1B-932B-D6F847CF91AF}"
EndProject
Project("{2150E333-8FDC-42A3-9474-1A3956D46DE8}") = "Web", "Web", "{8CFB0587-3A91-488B-8946-DC4559EADED5}"
EndProject
Project("{9A19103F-16F7-4668-BE54-9A1E7A4F7556}") = "mark.davison.example.api.configuration", "mark.davison.example.api.configuration\mark.davison.example.api.configuration.csproj", "{B5A2EA8D-BF7B-44B5-BF6A-07D5C57C48F8}"
EndProject
Project("{9A19103F-16F7-4668-BE54-9A1E7A4F7556}") = "mark.davison.example.api.persistence", "mark.davison.example.api.persistence\mark.davison.example.api.persistence.csproj", "{A8077DEF-71D7-40DF-B952-8F95DEA142C4}"
EndProject
Project("{2150E333-8FDC-42A3-9474-1A3956D46DE8}") = "Migrations", "Migrations", "{459244FC-37F2-4175-8E1B-F5F9101C6ECB}"
EndProject
Project("{9A19103F-16F7-4668-BE54-9A1E7A4F7556}") = "mark.davison.example.api.migrations.sqlite", "Example\Api\Migrations\mark.davison.example.api.migrations.sqlite\mark.davison.example.api.migrations.sqlite.csproj", "{CA6014A0-63EE-4F0B-B72D-B2F80D2F801E}"
EndProject
Project("{9A19103F-16F7-4668-BE54-9A1E7A4F7556}") = "mark.davison.example.shared.models", "Example\Shared\mark.davison.example.shared.models\mark.davison.example.shared.models.csproj", "{A02573C4-35CE-4537-9E8E-A07CD901664F}"
EndProject
Project("{9A19103F-16F7-4668-BE54-9A1E7A4F7556}") = "mark.davison.example.shared.models.dto", "Example\Shared\mark.davison.example.shared.models.dto\mark.davison.example.shared.models.dto.csproj", "{5C218ABD-A8E0-4D53-84DE-5258C4A4201F}"
EndProject
Project("{9A19103F-16F7-4668-BE54-9A1E7A4F7556}") = "mark.davison.example.shared.commands", "Example\Shared\mark.davison.example.shared.commands\mark.davison.example.shared.commands.csproj", "{26A095C3-7D2A-492B-B208-AE1EC7640D55}"
EndProject
Project("{9A19103F-16F7-4668-BE54-9A1E7A4F7556}") = "mark.davison.example.shared.queries", "Example\Shared\mark.davison.example.shared.queries\mark.davison.example.shared.queries.csproj", "{E4B22846-AF00-452F-ACF1-FD0A331525B9}"
EndProject
Project("{9A19103F-16F7-4668-BE54-9A1E7A4F7556}") = "mark.davison.example.web.ui", "Example\Web\mark.davison.example.web.ui\mark.davison.example.web.ui.csproj", "{3B9B3721-48CE-4F7F-8855-03171B2F5306}"
EndProject
Project("{9A19103F-16F7-4668-BE54-9A1E7A4F7556}") = "mark.davison.example.web.components", "Example\Web\mark.davison.example.web.components\mark.davison.example.web.components.csproj", "{1F597370-F736-4D63-B6B7-77D3C7B7889E}"
EndProject
Project("{9A19103F-16F7-4668-BE54-9A1E7A4F7556}") = "mark.davison.example.web.features", "Example\Web\mark.davison.example.features\mark.davison.example.web.features.csproj", "{DAD9154F-DF0E-454B-866F-B2B223F4554F}"
EndProject
Project("{9A19103F-16F7-4668-BE54-9A1E7A4F7556}") = "mark.davison.example.web.services", "Example\Web\mark.davison.example.web.services\mark.davison.example.web.services.csproj", "{093F038E-5308-4EF6-BBFA-9780749AA3C1}"
EndProject
Project("{9A19103F-16F7-4668-BE54-9A1E7A4F7556}") = "mark.davison.example.bff", "Example\Bff\mark.davison.example.bff\mark.davison.example.bff.csproj", "{3EE6459F-D652-4D97-A48F-EEEB7501AAE7}"
EndProject
Project("{9A19103F-16F7-4668-BE54-9A1E7A4F7556}") = "mark.davison.example.console.app", "Example\Console\mark.davison.example.console.app\mark.davison.example.console.app.csproj", "{7B0F4505-FBAE-4ABA-87DE-89980C823B43}"
EndProject
Project("{2150E333-8FDC-42A3-9474-1A3956D46DE8}") = "Console", "Console", "{FDF16B80-7C0F-4C30-B7AA-06745F2EF0C2}"
EndProject
Project("{2150E333-8FDC-42A3-9474-1A3956D46DE8}") = "Avalonia", "Avalonia", "{49ECA715-D2F0-456F-9B8C-595189CE2746}"
EndProject
Project("{9A19103F-16F7-4668-BE54-9A1E7A4F7556}") = "mark.davison.example.desktop.ui", "Example\Avalonia\mark.davison.example.desktop.ui\mark.davison.example.desktop.ui.csproj", "{BC07FD88-04F4-45CF-9064-4BBE7EC9D3B6}"
EndProject
Project("{9A19103F-16F7-4668-BE54-9A1E7A4F7556}") = "mark.davison.common.desktop.components", "mark.davison.common.desktop.components\mark.davison.common.desktop.components.csproj", "{6D153224-6D5C-41B1-B6C5-20410A971E46}"
EndProject
Project("{9A19103F-16F7-4668-BE54-9A1E7A4F7556}") = "mark.davison.common.client.web.tests", "mark.davison.common.client.tests\mark.davison.common.client.web.tests.csproj", "{05A62A17-0488-409C-AC8F-E22D57F2D15D}"
EndProject
Global
	GlobalSection(SolutionConfigurationPlatforms) = preSolution
		Debug|Any CPU = Debug|Any CPU
		Release|Any CPU = Release|Any CPU
	EndGlobalSection
	GlobalSection(ProjectConfigurationPlatforms) = postSolution
		{C248DA37-0EF2-4295-8FF7-21A58BEA0486}.Debug|Any CPU.ActiveCfg = Debug|Any CPU
		{C248DA37-0EF2-4295-8FF7-21A58BEA0486}.Debug|Any CPU.Build.0 = Debug|Any CPU
		{C248DA37-0EF2-4295-8FF7-21A58BEA0486}.Release|Any CPU.ActiveCfg = Release|Any CPU
		{C248DA37-0EF2-4295-8FF7-21A58BEA0486}.Release|Any CPU.Build.0 = Release|Any CPU
		{85F1A085-5FAF-4F88-B991-8C5CA1CB9F12}.Debug|Any CPU.ActiveCfg = Debug|Any CPU
		{85F1A085-5FAF-4F88-B991-8C5CA1CB9F12}.Debug|Any CPU.Build.0 = Debug|Any CPU
		{85F1A085-5FAF-4F88-B991-8C5CA1CB9F12}.Release|Any CPU.ActiveCfg = Release|Any CPU
		{85F1A085-5FAF-4F88-B991-8C5CA1CB9F12}.Release|Any CPU.Build.0 = Release|Any CPU
		{E6079600-89AD-4B1C-8639-59F5C20838B6}.Debug|Any CPU.ActiveCfg = Debug|Any CPU
		{E6079600-89AD-4B1C-8639-59F5C20838B6}.Debug|Any CPU.Build.0 = Debug|Any CPU
		{E6079600-89AD-4B1C-8639-59F5C20838B6}.Release|Any CPU.ActiveCfg = Release|Any CPU
		{E6079600-89AD-4B1C-8639-59F5C20838B6}.Release|Any CPU.Build.0 = Release|Any CPU
		{051D97D0-CE2F-4ED3-B8B1-DB273E297A6F}.Debug|Any CPU.ActiveCfg = Debug|Any CPU
		{051D97D0-CE2F-4ED3-B8B1-DB273E297A6F}.Debug|Any CPU.Build.0 = Debug|Any CPU
		{051D97D0-CE2F-4ED3-B8B1-DB273E297A6F}.Release|Any CPU.ActiveCfg = Release|Any CPU
		{051D97D0-CE2F-4ED3-B8B1-DB273E297A6F}.Release|Any CPU.Build.0 = Release|Any CPU
		{EE9FB05E-A67A-4D52-A621-168C0EBF064B}.Debug|Any CPU.ActiveCfg = Debug|Any CPU
		{EE9FB05E-A67A-4D52-A621-168C0EBF064B}.Debug|Any CPU.Build.0 = Debug|Any CPU
		{EE9FB05E-A67A-4D52-A621-168C0EBF064B}.Release|Any CPU.ActiveCfg = Release|Any CPU
		{EE9FB05E-A67A-4D52-A621-168C0EBF064B}.Release|Any CPU.Build.0 = Release|Any CPU
		{818C60EF-BF39-4689-9726-2FFF47B83A42}.Debug|Any CPU.ActiveCfg = Debug|Any CPU
		{818C60EF-BF39-4689-9726-2FFF47B83A42}.Debug|Any CPU.Build.0 = Debug|Any CPU
		{818C60EF-BF39-4689-9726-2FFF47B83A42}.Release|Any CPU.ActiveCfg = Release|Any CPU
		{818C60EF-BF39-4689-9726-2FFF47B83A42}.Release|Any CPU.Build.0 = Release|Any CPU
		{E8435337-7656-4AB3-8BAD-128BB066D084}.Debug|Any CPU.ActiveCfg = Debug|Any CPU
		{E8435337-7656-4AB3-8BAD-128BB066D084}.Debug|Any CPU.Build.0 = Debug|Any CPU
		{E8435337-7656-4AB3-8BAD-128BB066D084}.Release|Any CPU.ActiveCfg = Release|Any CPU
		{E8435337-7656-4AB3-8BAD-128BB066D084}.Release|Any CPU.Build.0 = Release|Any CPU
		{E01C9170-A867-45C9-9FBE-D5A94C277AFB}.Debug|Any CPU.ActiveCfg = Debug|Any CPU
		{E01C9170-A867-45C9-9FBE-D5A94C277AFB}.Debug|Any CPU.Build.0 = Debug|Any CPU
		{E01C9170-A867-45C9-9FBE-D5A94C277AFB}.Release|Any CPU.ActiveCfg = Release|Any CPU
		{E01C9170-A867-45C9-9FBE-D5A94C277AFB}.Release|Any CPU.Build.0 = Release|Any CPU
		{F329BAAA-6F2A-4904-B802-4F6F080DF172}.Debug|Any CPU.ActiveCfg = Debug|Any CPU
		{F329BAAA-6F2A-4904-B802-4F6F080DF172}.Debug|Any CPU.Build.0 = Debug|Any CPU
		{F329BAAA-6F2A-4904-B802-4F6F080DF172}.Release|Any CPU.ActiveCfg = Release|Any CPU
		{F329BAAA-6F2A-4904-B802-4F6F080DF172}.Release|Any CPU.Build.0 = Release|Any CPU
		{A9181D89-F465-4674-BBDB-4DA33FF2D42F}.Debug|Any CPU.ActiveCfg = Debug|Any CPU
		{A9181D89-F465-4674-BBDB-4DA33FF2D42F}.Debug|Any CPU.Build.0 = Debug|Any CPU
		{A9181D89-F465-4674-BBDB-4DA33FF2D42F}.Release|Any CPU.ActiveCfg = Release|Any CPU
		{A9181D89-F465-4674-BBDB-4DA33FF2D42F}.Release|Any CPU.Build.0 = Release|Any CPU
		{6E994F7E-CA98-45AF-BB1D-2B6F918430A9}.Debug|Any CPU.ActiveCfg = Debug|Any CPU
		{6E994F7E-CA98-45AF-BB1D-2B6F918430A9}.Debug|Any CPU.Build.0 = Debug|Any CPU
		{6E994F7E-CA98-45AF-BB1D-2B6F918430A9}.Release|Any CPU.ActiveCfg = Release|Any CPU
		{6E994F7E-CA98-45AF-BB1D-2B6F918430A9}.Release|Any CPU.Build.0 = Release|Any CPU
		{5E14099A-8831-4179-8BB4-DCFD653B1DF8}.Debug|Any CPU.ActiveCfg = Debug|Any CPU
		{5E14099A-8831-4179-8BB4-DCFD653B1DF8}.Debug|Any CPU.Build.0 = Debug|Any CPU
		{5E14099A-8831-4179-8BB4-DCFD653B1DF8}.Release|Any CPU.ActiveCfg = Release|Any CPU
		{5E14099A-8831-4179-8BB4-DCFD653B1DF8}.Release|Any CPU.Build.0 = Release|Any CPU
		{A0928912-EB94-4084-B820-8E1EC89D80DA}.Debug|Any CPU.ActiveCfg = Debug|Any CPU
		{A0928912-EB94-4084-B820-8E1EC89D80DA}.Debug|Any CPU.Build.0 = Debug|Any CPU
		{A0928912-EB94-4084-B820-8E1EC89D80DA}.Release|Any CPU.ActiveCfg = Release|Any CPU
		{A0928912-EB94-4084-B820-8E1EC89D80DA}.Release|Any CPU.Build.0 = Release|Any CPU
		{BCF37C56-E626-4388-A0C1-48A8D6DFBEA9}.Debug|Any CPU.ActiveCfg = Debug|Any CPU
		{BCF37C56-E626-4388-A0C1-48A8D6DFBEA9}.Debug|Any CPU.Build.0 = Debug|Any CPU
		{BCF37C56-E626-4388-A0C1-48A8D6DFBEA9}.Release|Any CPU.ActiveCfg = Release|Any CPU
		{BCF37C56-E626-4388-A0C1-48A8D6DFBEA9}.Release|Any CPU.Build.0 = Release|Any CPU
		{C46C1155-6346-4046-9AAC-865F2DE0EEFE}.Debug|Any CPU.ActiveCfg = Debug|Any CPU
		{C46C1155-6346-4046-9AAC-865F2DE0EEFE}.Debug|Any CPU.Build.0 = Debug|Any CPU
		{C46C1155-6346-4046-9AAC-865F2DE0EEFE}.Release|Any CPU.ActiveCfg = Release|Any CPU
		{C46C1155-6346-4046-9AAC-865F2DE0EEFE}.Release|Any CPU.Build.0 = Release|Any CPU
		{AF9AAC30-9907-4142-845F-E2DDB07D3FC0}.Debug|Any CPU.ActiveCfg = Debug|Any CPU
		{AF9AAC30-9907-4142-845F-E2DDB07D3FC0}.Debug|Any CPU.Build.0 = Debug|Any CPU
		{AF9AAC30-9907-4142-845F-E2DDB07D3FC0}.Release|Any CPU.ActiveCfg = Release|Any CPU
		{AF9AAC30-9907-4142-845F-E2DDB07D3FC0}.Release|Any CPU.Build.0 = Release|Any CPU
		{A0BE4BB6-EE9C-4061-99E0-0451CC1C087F}.Debug|Any CPU.ActiveCfg = Debug|Any CPU
		{A0BE4BB6-EE9C-4061-99E0-0451CC1C087F}.Debug|Any CPU.Build.0 = Debug|Any CPU
		{A0BE4BB6-EE9C-4061-99E0-0451CC1C087F}.Release|Any CPU.ActiveCfg = Release|Any CPU
		{A0BE4BB6-EE9C-4061-99E0-0451CC1C087F}.Release|Any CPU.Build.0 = Release|Any CPU
		{82D44E97-0A90-4C04-94AB-5C7F83DC4A06}.Debug|Any CPU.ActiveCfg = Debug|Any CPU
		{82D44E97-0A90-4C04-94AB-5C7F83DC4A06}.Debug|Any CPU.Build.0 = Debug|Any CPU
		{82D44E97-0A90-4C04-94AB-5C7F83DC4A06}.Release|Any CPU.ActiveCfg = Release|Any CPU
		{82D44E97-0A90-4C04-94AB-5C7F83DC4A06}.Release|Any CPU.Build.0 = Release|Any CPU
		{95A00F12-9141-4CCB-8186-9BEB2817C5AC}.Debug|Any CPU.ActiveCfg = Debug|Any CPU
		{95A00F12-9141-4CCB-8186-9BEB2817C5AC}.Debug|Any CPU.Build.0 = Debug|Any CPU
		{95A00F12-9141-4CCB-8186-9BEB2817C5AC}.Release|Any CPU.ActiveCfg = Release|Any CPU
		{95A00F12-9141-4CCB-8186-9BEB2817C5AC}.Release|Any CPU.Build.0 = Release|Any CPU
		{0A342274-11F0-4762-8C6A-25B7AE112479}.Debug|Any CPU.ActiveCfg = Debug|Any CPU
		{0A342274-11F0-4762-8C6A-25B7AE112479}.Debug|Any CPU.Build.0 = Debug|Any CPU
		{0A342274-11F0-4762-8C6A-25B7AE112479}.Release|Any CPU.ActiveCfg = Release|Any CPU
		{0A342274-11F0-4762-8C6A-25B7AE112479}.Release|Any CPU.Build.0 = Release|Any CPU
		{B5A2EA8D-BF7B-44B5-BF6A-07D5C57C48F8}.Debug|Any CPU.ActiveCfg = Debug|Any CPU
		{B5A2EA8D-BF7B-44B5-BF6A-07D5C57C48F8}.Debug|Any CPU.Build.0 = Debug|Any CPU
		{B5A2EA8D-BF7B-44B5-BF6A-07D5C57C48F8}.Release|Any CPU.ActiveCfg = Release|Any CPU
		{B5A2EA8D-BF7B-44B5-BF6A-07D5C57C48F8}.Release|Any CPU.Build.0 = Release|Any CPU
		{A8077DEF-71D7-40DF-B952-8F95DEA142C4}.Debug|Any CPU.ActiveCfg = Debug|Any CPU
		{A8077DEF-71D7-40DF-B952-8F95DEA142C4}.Debug|Any CPU.Build.0 = Debug|Any CPU
		{A8077DEF-71D7-40DF-B952-8F95DEA142C4}.Release|Any CPU.ActiveCfg = Release|Any CPU
		{A8077DEF-71D7-40DF-B952-8F95DEA142C4}.Release|Any CPU.Build.0 = Release|Any CPU
		{CA6014A0-63EE-4F0B-B72D-B2F80D2F801E}.Debug|Any CPU.ActiveCfg = Debug|Any CPU
		{CA6014A0-63EE-4F0B-B72D-B2F80D2F801E}.Debug|Any CPU.Build.0 = Debug|Any CPU
		{CA6014A0-63EE-4F0B-B72D-B2F80D2F801E}.Release|Any CPU.ActiveCfg = Release|Any CPU
		{CA6014A0-63EE-4F0B-B72D-B2F80D2F801E}.Release|Any CPU.Build.0 = Release|Any CPU
		{A02573C4-35CE-4537-9E8E-A07CD901664F}.Debug|Any CPU.ActiveCfg = Debug|Any CPU
		{A02573C4-35CE-4537-9E8E-A07CD901664F}.Debug|Any CPU.Build.0 = Debug|Any CPU
		{A02573C4-35CE-4537-9E8E-A07CD901664F}.Release|Any CPU.ActiveCfg = Release|Any CPU
		{A02573C4-35CE-4537-9E8E-A07CD901664F}.Release|Any CPU.Build.0 = Release|Any CPU
		{5C218ABD-A8E0-4D53-84DE-5258C4A4201F}.Debug|Any CPU.ActiveCfg = Debug|Any CPU
		{5C218ABD-A8E0-4D53-84DE-5258C4A4201F}.Debug|Any CPU.Build.0 = Debug|Any CPU
		{5C218ABD-A8E0-4D53-84DE-5258C4A4201F}.Release|Any CPU.ActiveCfg = Release|Any CPU
		{5C218ABD-A8E0-4D53-84DE-5258C4A4201F}.Release|Any CPU.Build.0 = Release|Any CPU
		{26A095C3-7D2A-492B-B208-AE1EC7640D55}.Debug|Any CPU.ActiveCfg = Debug|Any CPU
		{26A095C3-7D2A-492B-B208-AE1EC7640D55}.Debug|Any CPU.Build.0 = Debug|Any CPU
		{26A095C3-7D2A-492B-B208-AE1EC7640D55}.Release|Any CPU.ActiveCfg = Release|Any CPU
		{26A095C3-7D2A-492B-B208-AE1EC7640D55}.Release|Any CPU.Build.0 = Release|Any CPU
		{E4B22846-AF00-452F-ACF1-FD0A331525B9}.Debug|Any CPU.ActiveCfg = Debug|Any CPU
		{E4B22846-AF00-452F-ACF1-FD0A331525B9}.Debug|Any CPU.Build.0 = Debug|Any CPU
		{E4B22846-AF00-452F-ACF1-FD0A331525B9}.Release|Any CPU.ActiveCfg = Release|Any CPU
		{E4B22846-AF00-452F-ACF1-FD0A331525B9}.Release|Any CPU.Build.0 = Release|Any CPU
		{3B9B3721-48CE-4F7F-8855-03171B2F5306}.Debug|Any CPU.ActiveCfg = Debug|Any CPU
		{3B9B3721-48CE-4F7F-8855-03171B2F5306}.Debug|Any CPU.Build.0 = Debug|Any CPU
		{3B9B3721-48CE-4F7F-8855-03171B2F5306}.Release|Any CPU.ActiveCfg = Release|Any CPU
		{3B9B3721-48CE-4F7F-8855-03171B2F5306}.Release|Any CPU.Build.0 = Release|Any CPU
		{1F597370-F736-4D63-B6B7-77D3C7B7889E}.Debug|Any CPU.ActiveCfg = Debug|Any CPU
		{1F597370-F736-4D63-B6B7-77D3C7B7889E}.Debug|Any CPU.Build.0 = Debug|Any CPU
		{1F597370-F736-4D63-B6B7-77D3C7B7889E}.Release|Any CPU.ActiveCfg = Release|Any CPU
		{1F597370-F736-4D63-B6B7-77D3C7B7889E}.Release|Any CPU.Build.0 = Release|Any CPU
		{DAD9154F-DF0E-454B-866F-B2B223F4554F}.Debug|Any CPU.ActiveCfg = Debug|Any CPU
		{DAD9154F-DF0E-454B-866F-B2B223F4554F}.Debug|Any CPU.Build.0 = Debug|Any CPU
		{DAD9154F-DF0E-454B-866F-B2B223F4554F}.Release|Any CPU.ActiveCfg = Release|Any CPU
		{DAD9154F-DF0E-454B-866F-B2B223F4554F}.Release|Any CPU.Build.0 = Release|Any CPU
		{093F038E-5308-4EF6-BBFA-9780749AA3C1}.Debug|Any CPU.ActiveCfg = Debug|Any CPU
		{093F038E-5308-4EF6-BBFA-9780749AA3C1}.Debug|Any CPU.Build.0 = Debug|Any CPU
		{093F038E-5308-4EF6-BBFA-9780749AA3C1}.Release|Any CPU.ActiveCfg = Release|Any CPU
		{093F038E-5308-4EF6-BBFA-9780749AA3C1}.Release|Any CPU.Build.0 = Release|Any CPU
		{3EE6459F-D652-4D97-A48F-EEEB7501AAE7}.Debug|Any CPU.ActiveCfg = Debug|Any CPU
		{3EE6459F-D652-4D97-A48F-EEEB7501AAE7}.Debug|Any CPU.Build.0 = Debug|Any CPU
		{3EE6459F-D652-4D97-A48F-EEEB7501AAE7}.Release|Any CPU.ActiveCfg = Release|Any CPU
		{3EE6459F-D652-4D97-A48F-EEEB7501AAE7}.Release|Any CPU.Build.0 = Release|Any CPU
		{7B0F4505-FBAE-4ABA-87DE-89980C823B43}.Debug|Any CPU.ActiveCfg = Debug|Any CPU
		{7B0F4505-FBAE-4ABA-87DE-89980C823B43}.Debug|Any CPU.Build.0 = Debug|Any CPU
		{7B0F4505-FBAE-4ABA-87DE-89980C823B43}.Release|Any CPU.ActiveCfg = Release|Any CPU
		{7B0F4505-FBAE-4ABA-87DE-89980C823B43}.Release|Any CPU.Build.0 = Release|Any CPU
		{BC07FD88-04F4-45CF-9064-4BBE7EC9D3B6}.Debug|Any CPU.ActiveCfg = Debug|Any CPU
		{BC07FD88-04F4-45CF-9064-4BBE7EC9D3B6}.Debug|Any CPU.Build.0 = Debug|Any CPU
		{BC07FD88-04F4-45CF-9064-4BBE7EC9D3B6}.Release|Any CPU.ActiveCfg = Release|Any CPU
		{BC07FD88-04F4-45CF-9064-4BBE7EC9D3B6}.Release|Any CPU.Build.0 = Release|Any CPU
		{6D153224-6D5C-41B1-B6C5-20410A971E46}.Debug|Any CPU.ActiveCfg = Debug|Any CPU
		{6D153224-6D5C-41B1-B6C5-20410A971E46}.Debug|Any CPU.Build.0 = Debug|Any CPU
		{6D153224-6D5C-41B1-B6C5-20410A971E46}.Release|Any CPU.ActiveCfg = Release|Any CPU
		{6D153224-6D5C-41B1-B6C5-20410A971E46}.Release|Any CPU.Build.0 = Release|Any CPU
		{05A62A17-0488-409C-AC8F-E22D57F2D15D}.Debug|Any CPU.ActiveCfg = Debug|Any CPU
		{05A62A17-0488-409C-AC8F-E22D57F2D15D}.Debug|Any CPU.Build.0 = Debug|Any CPU
		{05A62A17-0488-409C-AC8F-E22D57F2D15D}.Release|Any CPU.ActiveCfg = Release|Any CPU
		{05A62A17-0488-409C-AC8F-E22D57F2D15D}.Release|Any CPU.Build.0 = Release|Any CPU
	EndGlobalSection
	GlobalSection(SolutionProperties) = preSolution
		HideSolutionNode = FALSE
	EndGlobalSection
	GlobalSection(NestedProjects) = preSolution
		{051D97D0-CE2F-4ED3-B8B1-DB273E297A6F} = {AB6060AB-1134-458E-86B8-65609A815A91}
		{F329BAAA-6F2A-4904-B802-4F6F080DF172} = {AB6060AB-1134-458E-86B8-65609A815A91}
		{A9181D89-F465-4674-BBDB-4DA33FF2D42F} = {AB6060AB-1134-458E-86B8-65609A815A91}
		{5E14099A-8831-4179-8BB4-DCFD653B1DF8} = {AB6060AB-1134-458E-86B8-65609A815A91}
		{A0928912-EB94-4084-B820-8E1EC89D80DA} = {AB6060AB-1134-458E-86B8-65609A815A91}
		{BCF37C56-E626-4388-A0C1-48A8D6DFBEA9} = {AB6060AB-1134-458E-86B8-65609A815A91}
		{AF9AAC30-9907-4142-845F-E2DDB07D3FC0} = {AB6060AB-1134-458E-86B8-65609A815A91}
		{A0BE4BB6-EE9C-4061-99E0-0451CC1C087F} = {AB6060AB-1134-458E-86B8-65609A815A91}
		{0A342274-11F0-4762-8C6A-25B7AE112479} = {A8A66C0E-D43E-4D20-B0C5-E7D6D86CC5B4}
		{A8A66C0E-D43E-4D20-B0C5-E7D6D86CC5B4} = {CA252822-D1FC-4217-A330-80EF7E4F29E7}
		{82FA8031-EA01-42C8-9020-0CC2BADA6126} = {CA252822-D1FC-4217-A330-80EF7E4F29E7}
		{9673D4A3-F731-4E1B-932B-D6F847CF91AF} = {CA252822-D1FC-4217-A330-80EF7E4F29E7}
		{8CFB0587-3A91-488B-8946-DC4559EADED5} = {CA252822-D1FC-4217-A330-80EF7E4F29E7}
		{B5A2EA8D-BF7B-44B5-BF6A-07D5C57C48F8} = {A8A66C0E-D43E-4D20-B0C5-E7D6D86CC5B4}
		{A8077DEF-71D7-40DF-B952-8F95DEA142C4} = {A8A66C0E-D43E-4D20-B0C5-E7D6D86CC5B4}
		{459244FC-37F2-4175-8E1B-F5F9101C6ECB} = {A8A66C0E-D43E-4D20-B0C5-E7D6D86CC5B4}
		{CA6014A0-63EE-4F0B-B72D-B2F80D2F801E} = {459244FC-37F2-4175-8E1B-F5F9101C6ECB}
		{A02573C4-35CE-4537-9E8E-A07CD901664F} = {9673D4A3-F731-4E1B-932B-D6F847CF91AF}
		{5C218ABD-A8E0-4D53-84DE-5258C4A4201F} = {9673D4A3-F731-4E1B-932B-D6F847CF91AF}
		{26A095C3-7D2A-492B-B208-AE1EC7640D55} = {9673D4A3-F731-4E1B-932B-D6F847CF91AF}
		{E4B22846-AF00-452F-ACF1-FD0A331525B9} = {9673D4A3-F731-4E1B-932B-D6F847CF91AF}
		{3B9B3721-48CE-4F7F-8855-03171B2F5306} = {8CFB0587-3A91-488B-8946-DC4559EADED5}
		{1F597370-F736-4D63-B6B7-77D3C7B7889E} = {8CFB0587-3A91-488B-8946-DC4559EADED5}
		{DAD9154F-DF0E-454B-866F-B2B223F4554F} = {8CFB0587-3A91-488B-8946-DC4559EADED5}
		{093F038E-5308-4EF6-BBFA-9780749AA3C1} = {8CFB0587-3A91-488B-8946-DC4559EADED5}
		{3EE6459F-D652-4D97-A48F-EEEB7501AAE7} = {82FA8031-EA01-42C8-9020-0CC2BADA6126}
		{7B0F4505-FBAE-4ABA-87DE-89980C823B43} = {FDF16B80-7C0F-4C30-B7AA-06745F2EF0C2}
		{FDF16B80-7C0F-4C30-B7AA-06745F2EF0C2} = {CA252822-D1FC-4217-A330-80EF7E4F29E7}
		{49ECA715-D2F0-456F-9B8C-595189CE2746} = {CA252822-D1FC-4217-A330-80EF7E4F29E7}
		{BC07FD88-04F4-45CF-9064-4BBE7EC9D3B6} = {49ECA715-D2F0-456F-9B8C-595189CE2746}
		{05A62A17-0488-409C-AC8F-E22D57F2D15D} = {AB6060AB-1134-458E-86B8-65609A815A91}
	EndGlobalSection
	GlobalSection(ExtensibilityGlobals) = postSolution
		SolutionGuid = {C3DD14FA-86D9-4C81-B641-8C5CB3A57E71}
	EndGlobalSection
EndGlobal
