
Microsoft Visual Studio Solution File, Format Version 12.00
# Visual Studio Version 17
VisualStudioVersion = 17.2.32616.157
MinimumVisualStudioVersion = 10.0.40219.1
Project("{9A19103F-16F7-4668-BE54-9A1E7A4F7556}") = "mark.davison.common", "mark.davison.common\mark.davison.common.csproj", "{C248DA37-0EF2-4295-8FF7-21A58BEA0486}"
EndProject
Project("{9A19103F-16F7-4668-BE54-9A1E7A4F7556}") = "mark.davison.common.server.abstractions", "mark.davison.common.server.abstractions\mark.davison.common.server.abstractions.csproj", "{85F1A085-5FAF-4F88-B991-8C5CA1CB9F12}"
EndProject
Project("{9A19103F-16F7-4668-BE54-9A1E7A4F7556}") = "mark.davison.common.server", "mark.davison.common.server\mark.davison.common.server.csproj", "{E6079600-89AD-4B1C-8639-59F5C20838B6}"
EndProject
Project("{2150E333-8FDC-42A3-9474-1A3956D46DE8}") = "Test", "Test", "{AB6060AB-1134-458E-86B8-65609A815A91}"
EndProject
Project("{9A19103F-16F7-4668-BE54-9A1E7A4F7556}") = "mark.davison.common.server.tests", "mark.davison.common.server.tests\mark.davison.common.server.tests.csproj", "{051D97D0-CE2F-4ED3-B8B1-DB273E297A6F}"
EndProject
Project("{2150E333-8FDC-42A3-9474-1A3956D46DE8}") = "Solution Items", "Solution Items", "{A3C3912D-C720-4871-A097-DBDED99CB1F9}"
	ProjectSection(SolutionItems) = preProject
		..\..\.gitattributes = ..\..\.gitattributes
		..\..\.gitignore = ..\..\.gitignore
		..\..\.gitlab-ci.yml = ..\..\.gitlab-ci.yml
		..\..\.gitmodules = ..\..\.gitmodules
		..\..\Todo.txt = ..\..\Todo.txt
	EndProjectSection
EndProject
Project("{9A19103F-16F7-4668-BE54-9A1E7A4F7556}") = "mark.davison.common.client.abstractions", "mark.davison.common.client.abstractions\mark.davison.common.client.abstractions.csproj", "{EE9FB05E-A67A-4D52-A621-168C0EBF064B}"
EndProject
Project("{9A19103F-16F7-4668-BE54-9A1E7A4F7556}") = "mark.davison.common.client", "mark.davison.common.client\mark.davison.common.client.csproj", "{818C60EF-BF39-4689-9726-2FFF47B83A42}"
EndProject
Project("{9A19103F-16F7-4668-BE54-9A1E7A4F7556}") = "mark.davison.common.client.tests", "mark.davison.common.client.tests\mark.davison.common.client.tests.csproj", "{F1D4675B-22E6-44CE-A3B3-D9C04E4C1762}"
EndProject
Project("{9A19103F-16F7-4668-BE54-9A1E7A4F7556}") = "mark.davison.common.persistence", "mark.davison.common.persistence\mark.davison.common.persistence.csproj", "{E8435337-7656-4AB3-8BAD-128BB066D084}"
EndProject
Project("{9A19103F-16F7-4668-BE54-9A1E7A4F7556}") = "mark.davison.common.server.test", "mark.davison.common.server.test\mark.davison.common.server.test.csproj", "{E01C9170-A867-45C9-9FBE-D5A94C277AFB}"
EndProject
Project("{9A19103F-16F7-4668-BE54-9A1E7A4F7556}") = "mark.davison.common.server.abstratctions.tests", "Tests\mark.davison.common.server.abstratctions.tests\mark.davison.common.server.abstratctions.tests.csproj", "{F329BAAA-6F2A-4904-B802-4F6F080DF172}"
EndProject
Project("{9A19103F-16F7-4668-BE54-9A1E7A4F7556}") = "mark.davison.common.tests", "Tests\mark.davison.common.tests\mark.davison.common.tests.csproj", "{A9181D89-F465-4674-BBDB-4DA33FF2D42F}"
EndProject
Project("{9A19103F-16F7-4668-BE54-9A1E7A4F7556}") = "mark.davison.common.test", "mark.davison.common.test\mark.davison.common.test.csproj", "{6E994F7E-CA98-45AF-BB1D-2B6F918430A9}"
EndProject
Project("{9A19103F-16F7-4668-BE54-9A1E7A4F7556}") = "mark.davison.common.server.integrationtests", "mark.davison.common.server.integrationtests\mark.davison.common.server.integrationtests.csproj", "{5E14099A-8831-4179-8BB4-DCFD653B1DF8}"
EndProject
Project("{9A19103F-16F7-4668-BE54-9A1E7A4F7556}") = "mark.davison.common.server.sample.api", "mark.davison.common.server.sample.api\mark.davison.common.server.sample.api.csproj", "{A0928912-EB94-4084-B820-8E1EC89D80DA}"
EndProject
Project("{9A19103F-16F7-4668-BE54-9A1E7A4F7556}") = "mark.davison.common.components", "mark.davison.common.components\mark.davison.common.components.csproj", "{3D9ACCA6-7C67-482E-B284-4EE098515206}"
EndProject
Project("{9A19103F-16F7-4668-BE54-9A1E7A4F7556}") = "mark.davison.common.persistence.tests", "Tests\mark.davison.common.persistence.tests\mark.davison.common.persistence.tests.csproj", "{BCF37C56-E626-4388-A0C1-48A8D6DFBEA9}"
EndProject
Project("{9A19103F-16F7-4668-BE54-9A1E7A4F7556}") = "mark.davison.common.source.generators", "mark.davison.common.source.generators\mark.davison.common.source.generators.csproj", "{C46C1155-6346-4046-9AAC-865F2DE0EEFE}"
EndProject
Project("{FAE04EC0-301F-11D3-BF4B-00C04F79EFBC}") = "mark.davison.common.server.sample.cqrs", "mark.davison.common.server.sample.cqrs\mark.davison.common.server.sample.cqrs.csproj", "{AF9AAC30-9907-4142-845F-E2DDB07D3FC0}"
EndProject
Global
	GlobalSection(SolutionConfigurationPlatforms) = preSolution
		Debug|Any CPU = Debug|Any CPU
		Release|Any CPU = Release|Any CPU
	EndGlobalSection
	GlobalSection(ProjectConfigurationPlatforms) = postSolution
		{C248DA37-0EF2-4295-8FF7-21A58BEA0486}.Debug|Any CPU.ActiveCfg = Debug|Any CPU
		{C248DA37-0EF2-4295-8FF7-21A58BEA0486}.Debug|Any CPU.Build.0 = Debug|Any CPU
		{C248DA37-0EF2-4295-8FF7-21A58BEA0486}.Release|Any CPU.ActiveCfg = Release|Any CPU
		{C248DA37-0EF2-4295-8FF7-21A58BEA0486}.Release|Any CPU.Build.0 = Release|Any CPU
		{85F1A085-5FAF-4F88-B991-8C5CA1CB9F12}.Debug|Any CPU.ActiveCfg = Debug|Any CPU
		{85F1A085-5FAF-4F88-B991-8C5CA1CB9F12}.Debug|Any CPU.Build.0 = Debug|Any CPU
		{85F1A085-5FAF-4F88-B991-8C5CA1CB9F12}.Release|Any CPU.ActiveCfg = Release|Any CPU
		{85F1A085-5FAF-4F88-B991-8C5CA1CB9F12}.Release|Any CPU.Build.0 = Release|Any CPU
		{E6079600-89AD-4B1C-8639-59F5C20838B6}.Debug|Any CPU.ActiveCfg = Debug|Any CPU
		{E6079600-89AD-4B1C-8639-59F5C20838B6}.Debug|Any CPU.Build.0 = Debug|Any CPU
		{E6079600-89AD-4B1C-8639-59F5C20838B6}.Release|Any CPU.ActiveCfg = Release|Any CPU
		{E6079600-89AD-4B1C-8639-59F5C20838B6}.Release|Any CPU.Build.0 = Release|Any CPU
		{051D97D0-CE2F-4ED3-B8B1-DB273E297A6F}.Debug|Any CPU.ActiveCfg = Debug|Any CPU
		{051D97D0-CE2F-4ED3-B8B1-DB273E297A6F}.Debug|Any CPU.Build.0 = Debug|Any CPU
		{051D97D0-CE2F-4ED3-B8B1-DB273E297A6F}.Release|Any CPU.ActiveCfg = Release|Any CPU
		{051D97D0-CE2F-4ED3-B8B1-DB273E297A6F}.Release|Any CPU.Build.0 = Release|Any CPU
		{EE9FB05E-A67A-4D52-A621-168C0EBF064B}.Debug|Any CPU.ActiveCfg = Debug|Any CPU
		{EE9FB05E-A67A-4D52-A621-168C0EBF064B}.Debug|Any CPU.Build.0 = Debug|Any CPU
		{EE9FB05E-A67A-4D52-A621-168C0EBF064B}.Release|Any CPU.ActiveCfg = Release|Any CPU
		{EE9FB05E-A67A-4D52-A621-168C0EBF064B}.Release|Any CPU.Build.0 = Release|Any CPU
		{818C60EF-BF39-4689-9726-2FFF47B83A42}.Debug|Any CPU.ActiveCfg = Debug|Any CPU
		{818C60EF-BF39-4689-9726-2FFF47B83A42}.Debug|Any CPU.Build.0 = Debug|Any CPU
		{818C60EF-BF39-4689-9726-2FFF47B83A42}.Release|Any CPU.ActiveCfg = Release|Any CPU
		{818C60EF-BF39-4689-9726-2FFF47B83A42}.Release|Any CPU.Build.0 = Release|Any CPU
		{F1D4675B-22E6-44CE-A3B3-D9C04E4C1762}.Debug|Any CPU.ActiveCfg = Debug|Any CPU
		{F1D4675B-22E6-44CE-A3B3-D9C04E4C1762}.Debug|Any CPU.Build.0 = Debug|Any CPU
		{F1D4675B-22E6-44CE-A3B3-D9C04E4C1762}.Release|Any CPU.ActiveCfg = Release|Any CPU
		{F1D4675B-22E6-44CE-A3B3-D9C04E4C1762}.Release|Any CPU.Build.0 = Release|Any CPU
		{E8435337-7656-4AB3-8BAD-128BB066D084}.Debug|Any CPU.ActiveCfg = Debug|Any CPU
		{E8435337-7656-4AB3-8BAD-128BB066D084}.Debug|Any CPU.Build.0 = Debug|Any CPU
		{E8435337-7656-4AB3-8BAD-128BB066D084}.Release|Any CPU.ActiveCfg = Release|Any CPU
		{E8435337-7656-4AB3-8BAD-128BB066D084}.Release|Any CPU.Build.0 = Release|Any CPU
		{E01C9170-A867-45C9-9FBE-D5A94C277AFB}.Debug|Any CPU.ActiveCfg = Debug|Any CPU
		{E01C9170-A867-45C9-9FBE-D5A94C277AFB}.Debug|Any CPU.Build.0 = Debug|Any CPU
		{E01C9170-A867-45C9-9FBE-D5A94C277AFB}.Release|Any CPU.ActiveCfg = Release|Any CPU
		{E01C9170-A867-45C9-9FBE-D5A94C277AFB}.Release|Any CPU.Build.0 = Release|Any CPU
		{F329BAAA-6F2A-4904-B802-4F6F080DF172}.Debug|Any CPU.ActiveCfg = Debug|Any CPU
		{F329BAAA-6F2A-4904-B802-4F6F080DF172}.Debug|Any CPU.Build.0 = Debug|Any CPU
		{F329BAAA-6F2A-4904-B802-4F6F080DF172}.Release|Any CPU.ActiveCfg = Release|Any CPU
		{F329BAAA-6F2A-4904-B802-4F6F080DF172}.Release|Any CPU.Build.0 = Release|Any CPU
		{A9181D89-F465-4674-BBDB-4DA33FF2D42F}.Debug|Any CPU.ActiveCfg = Debug|Any CPU
		{A9181D89-F465-4674-BBDB-4DA33FF2D42F}.Debug|Any CPU.Build.0 = Debug|Any CPU
		{A9181D89-F465-4674-BBDB-4DA33FF2D42F}.Release|Any CPU.ActiveCfg = Release|Any CPU
		{A9181D89-F465-4674-BBDB-4DA33FF2D42F}.Release|Any CPU.Build.0 = Release|Any CPU
		{6E994F7E-CA98-45AF-BB1D-2B6F918430A9}.Debug|Any CPU.ActiveCfg = Debug|Any CPU
		{6E994F7E-CA98-45AF-BB1D-2B6F918430A9}.Debug|Any CPU.Build.0 = Debug|Any CPU
		{6E994F7E-CA98-45AF-BB1D-2B6F918430A9}.Release|Any CPU.ActiveCfg = Release|Any CPU
		{6E994F7E-CA98-45AF-BB1D-2B6F918430A9}.Release|Any CPU.Build.0 = Release|Any CPU
		{5E14099A-8831-4179-8BB4-DCFD653B1DF8}.Debug|Any CPU.ActiveCfg = Debug|Any CPU
		{5E14099A-8831-4179-8BB4-DCFD653B1DF8}.Debug|Any CPU.Build.0 = Debug|Any CPU
		{5E14099A-8831-4179-8BB4-DCFD653B1DF8}.Release|Any CPU.ActiveCfg = Release|Any CPU
		{5E14099A-8831-4179-8BB4-DCFD653B1DF8}.Release|Any CPU.Build.0 = Release|Any CPU
		{A0928912-EB94-4084-B820-8E1EC89D80DA}.Debug|Any CPU.ActiveCfg = Debug|Any CPU
		{A0928912-EB94-4084-B820-8E1EC89D80DA}.Debug|Any CPU.Build.0 = Debug|Any CPU
		{A0928912-EB94-4084-B820-8E1EC89D80DA}.Release|Any CPU.ActiveCfg = Release|Any CPU
		{A0928912-EB94-4084-B820-8E1EC89D80DA}.Release|Any CPU.Build.0 = Release|Any CPU
		{3D9ACCA6-7C67-482E-B284-4EE098515206}.Debug|Any CPU.ActiveCfg = Debug|Any CPU
		{3D9ACCA6-7C67-482E-B284-4EE098515206}.Debug|Any CPU.Build.0 = Debug|Any CPU
		{3D9ACCA6-7C67-482E-B284-4EE098515206}.Release|Any CPU.ActiveCfg = Release|Any CPU
		{3D9ACCA6-7C67-482E-B284-4EE098515206}.Release|Any CPU.Build.0 = Release|Any CPU
		{BCF37C56-E626-4388-A0C1-48A8D6DFBEA9}.Debug|Any CPU.ActiveCfg = Debug|Any CPU
		{BCF37C56-E626-4388-A0C1-48A8D6DFBEA9}.Debug|Any CPU.Build.0 = Debug|Any CPU
		{BCF37C56-E626-4388-A0C1-48A8D6DFBEA9}.Release|Any CPU.ActiveCfg = Release|Any CPU
		{BCF37C56-E626-4388-A0C1-48A8D6DFBEA9}.Release|Any CPU.Build.0 = Release|Any CPU
		{C46C1155-6346-4046-9AAC-865F2DE0EEFE}.Debug|Any CPU.ActiveCfg = Debug|Any CPU
		{C46C1155-6346-4046-9AAC-865F2DE0EEFE}.Debug|Any CPU.Build.0 = Debug|Any CPU
		{C46C1155-6346-4046-9AAC-865F2DE0EEFE}.Release|Any CPU.ActiveCfg = Release|Any CPU
		{C46C1155-6346-4046-9AAC-865F2DE0EEFE}.Release|Any CPU.Build.0 = Release|Any CPU
		{AF9AAC30-9907-4142-845F-E2DDB07D3FC0}.Debug|Any CPU.ActiveCfg = Debug|Any CPU
		{AF9AAC30-9907-4142-845F-E2DDB07D3FC0}.Debug|Any CPU.Build.0 = Debug|Any CPU
		{AF9AAC30-9907-4142-845F-E2DDB07D3FC0}.Release|Any CPU.ActiveCfg = Release|Any CPU
		{AF9AAC30-9907-4142-845F-E2DDB07D3FC0}.Release|Any CPU.Build.0 = Release|Any CPU
	EndGlobalSection
	GlobalSection(SolutionProperties) = preSolution
		HideSolutionNode = FALSE
	EndGlobalSection
	GlobalSection(NestedProjects) = preSolution
		{051D97D0-CE2F-4ED3-B8B1-DB273E297A6F} = {AB6060AB-1134-458E-86B8-65609A815A91}
		{F1D4675B-22E6-44CE-A3B3-D9C04E4C1762} = {AB6060AB-1134-458E-86B8-65609A815A91}
		{F329BAAA-6F2A-4904-B802-4F6F080DF172} = {AB6060AB-1134-458E-86B8-65609A815A91}
		{A9181D89-F465-4674-BBDB-4DA33FF2D42F} = {AB6060AB-1134-458E-86B8-65609A815A91}
		{5E14099A-8831-4179-8BB4-DCFD653B1DF8} = {AB6060AB-1134-458E-86B8-65609A815A91}
		{A0928912-EB94-4084-B820-8E1EC89D80DA} = {AB6060AB-1134-458E-86B8-65609A815A91}
		{BCF37C56-E626-4388-A0C1-48A8D6DFBEA9} = {AB6060AB-1134-458E-86B8-65609A815A91}
		{AF9AAC30-9907-4142-845F-E2DDB07D3FC0} = {AB6060AB-1134-458E-86B8-65609A815A91}
	EndGlobalSection
	GlobalSection(ExtensibilityGlobals) = postSolution
		SolutionGuid = {C3DD14FA-86D9-4C81-B641-8C5CB3A57E71}
	EndGlobalSection
EndGlobal
